
Microsoft Visual Studio Solution File, Format Version 12.00
# Visual Studio Version 17
VisualStudioVersion = 17.5.002.0
MinimumVisualStudioVersion = 10.0.40219.1
Project("{9A19103F-16F7-4668-BE54-9A1E7A4F7556}") = "1330", "1330.csproj", "{3C954990-6845-4C59-8E10-698D13582BE8}"
EndProject
Global
	GlobalSection(SolutionConfigurationPlatforms) = preSolution
		Debug|Any CPU = Debug|Any CPU
		Release|Any CPU = Release|Any CPU
	EndGlobalSection
	GlobalSection(ProjectConfigurationPlatforms) = postSolution
		{3C954990-6845-4C59-8E10-698D13582BE8}.Debug|Any CPU.ActiveCfg = Debug|Any CPU
		{3C954990-6845-4C59-8E10-698D13582BE8}.Debug|Any CPU.Build.0 = Debug|Any CPU
		{3C954990-6845-4C59-8E10-698D13582BE8}.Release|Any CPU.ActiveCfg = Release|Any CPU
		{3C954990-6845-4C59-8E10-698D13582BE8}.Release|Any CPU.Build.0 = Release|Any CPU
	EndGlobalSection
	GlobalSection(SolutionProperties) = preSolution
		HideSolutionNode = FALSE
	EndGlobalSection
	GlobalSection(ExtensibilityGlobals) = postSolution
		SolutionGuid = {5A4557B3-0D86-4C0E-84EC-30334027722C}
	EndGlobalSection
EndGlobal
